
Microsoft Visual Studio Solution File, Format Version 12.00
# Visual Studio Version 17
VisualStudioVersion = 17.2.32519.379
MinimumVisualStudioVersion = 10.0.40219.1
Project("{FAE04EC0-301F-11D3-BF4B-00C04F79EFBC}") = "WindowsFormsApp3", "WindowsFormsApp3\WindowsFormsApp3.csproj", "{1DFAF9FD-6B35-463F-9874-CCA75C62D464}"
EndProject
Global
	GlobalSection(SolutionConfigurationPlatforms) = preSolution
		Debug|Any CPU = Debug|Any CPU
		Release|Any CPU = Release|Any CPU
	EndGlobalSection
	GlobalSection(ProjectConfigurationPlatforms) = postSolution
		{1DFAF9FD-6B35-463F-9874-CCA75C62D464}.Debug|Any CPU.ActiveCfg = Debug|Any CPU
		{1DFAF9FD-6B35-463F-9874-CCA75C62D464}.Debug|Any CPU.Build.0 = Debug|Any CPU
		{1DFAF9FD-6B35-463F-9874-CCA75C62D464}.Release|Any CPU.ActiveCfg = Release|Any CPU
		{1DFAF9FD-6B35-463F-9874-CCA75C62D464}.Release|Any CPU.Build.0 = Release|Any CPU
	EndGlobalSection
	GlobalSection(SolutionProperties) = preSolution
		HideSolutionNode = FALSE
	EndGlobalSection
	GlobalSection(ExtensibilityGlobals) = postSolution
		SolutionGuid = {2DC6916A-7C45-43FC-B940-8FFE759E11FA}
	EndGlobalSection
EndGlobal
